
Microsoft Visual Studio Solution File, Format Version 12.00
# Visual Studio Version 16
VisualStudioVersion = 16.0.30621.155
MinimumVisualStudioVersion = 10.0.40219.1
Project("{FAE04EC0-301F-11D3-BF4B-00C04F79EFBC}") = "DiscordSetupInstallationHasFailedFix", "DiscordSetupInstallationHasFailedFix.csproj", "{256B6A7D-9BA1-4BC1-A537-EC1A4BDA3CE4}"
EndProject
Global
	GlobalSection(SolutionConfigurationPlatforms) = preSolution
		Debug|Any CPU = Debug|Any CPU
		Release|Any CPU = Release|Any CPU
	EndGlobalSection
	GlobalSection(ProjectConfigurationPlatforms) = postSolution
		{256B6A7D-9BA1-4BC1-A537-EC1A4BDA3CE4}.Debug|Any CPU.ActiveCfg = Debug|Any CPU
		{256B6A7D-9BA1-4BC1-A537-EC1A4BDA3CE4}.Debug|Any CPU.Build.0 = Debug|Any CPU
		{256B6A7D-9BA1-4BC1-A537-EC1A4BDA3CE4}.Release|Any CPU.ActiveCfg = Release|Any CPU
		{256B6A7D-9BA1-4BC1-A537-EC1A4BDA3CE4}.Release|Any CPU.Build.0 = Release|Any CPU
	EndGlobalSection
	GlobalSection(SolutionProperties) = preSolution
		HideSolutionNode = FALSE
	EndGlobalSection
	GlobalSection(ExtensibilityGlobals) = postSolution
		SolutionGuid = {9942EBE1-24B1-4A83-A4C9-C2123C10DB07}
	EndGlobalSection
EndGlobal
